
Microsoft Visual Studio Solution File, Format Version 12.00
# Visual Studio Version 17
VisualStudioVersion = 17.14.36603.0 d17.14
MinimumVisualStudioVersion = 10.0.40219.1
Project("{FAE04EC0-301F-11D3-BF4B-00C04F79EFBC}") = "PdfSearcher", "PdfSearcher.csproj", "{141BAE9C-6EDC-4D0A-9B70-59A3C47D088D}"
EndProject
Global
	GlobalSection(SolutionConfigurationPlatforms) = preSolution
		Debug|Any CPU = Debug|Any CPU
		Release|Any CPU = Release|Any CPU
	EndGlobalSection
	GlobalSection(ProjectConfigurationPlatforms) = postSolution
		{141BAE9C-6EDC-4D0A-9B70-59A3C47D088D}.Debug|Any CPU.ActiveCfg = Debug|Any CPU
		{141BAE9C-6EDC-4D0A-9B70-59A3C47D088D}.Debug|Any CPU.Build.0 = Debug|Any CPU
		{141BAE9C-6EDC-4D0A-9B70-59A3C47D088D}.Release|Any CPU.ActiveCfg = Release|Any CPU
		{141BAE9C-6EDC-4D0A-9B70-59A3C47D088D}.Release|Any CPU.Build.0 = Release|Any CPU
	EndGlobalSection
	GlobalSection(SolutionProperties) = preSolution
		HideSolutionNode = FALSE
	EndGlobalSection
	GlobalSection(ExtensibilityGlobals) = postSolution
		SolutionGuid = {F04D63D4-A9EC-4376-B4B7-29B53457D3FF}
	EndGlobalSection
EndGlobal
